
Microsoft Visual Studio Solution File, Format Version 12.00
# Visual Studio Version 16
VisualStudioVersion = 16.0.29418.71
MinimumVisualStudioVersion = 10.0.40219.1
Project("{9A19103F-16F7-4668-BE54-9A1E7A4F7556}") = "01_DatingApp", "01_DatingApp\01_DatingApp.csproj", "{1E2E1BE8-A676-4A28-8408-5D1D65393805}"
EndProject
Project("{9A19103F-16F7-4668-BE54-9A1E7A4F7556}") = "Book Worm", "Book Worm\Book Worm.csproj", "{7930B0A7-C027-439B-966C-F8A7747F78AE}"
EndProject
Project("{9A19103F-16F7-4668-BE54-9A1E7A4F7556}") = "Rabbits", "Rabbit\Rabbits.csproj", "{D53087C3-F17C-4146-9725-2F45E2E03BDB}"
EndProject
Global
	GlobalSection(SolutionConfigurationPlatforms) = preSolution
		Debug|Any CPU = Debug|Any CPU
		Release|Any CPU = Release|Any CPU
	EndGlobalSection
	GlobalSection(ProjectConfigurationPlatforms) = postSolution
		{1E2E1BE8-A676-4A28-8408-5D1D65393805}.Debug|Any CPU.ActiveCfg = Debug|Any CPU
		{1E2E1BE8-A676-4A28-8408-5D1D65393805}.Debug|Any CPU.Build.0 = Debug|Any CPU
		{1E2E1BE8-A676-4A28-8408-5D1D65393805}.Release|Any CPU.ActiveCfg = Release|Any CPU
		{1E2E1BE8-A676-4A28-8408-5D1D65393805}.Release|Any CPU.Build.0 = Release|Any CPU
		{7930B0A7-C027-439B-966C-F8A7747F78AE}.Debug|Any CPU.ActiveCfg = Debug|Any CPU
		{7930B0A7-C027-439B-966C-F8A7747F78AE}.Debug|Any CPU.Build.0 = Debug|Any CPU
		{7930B0A7-C027-439B-966C-F8A7747F78AE}.Release|Any CPU.ActiveCfg = Release|Any CPU
		{7930B0A7-C027-439B-966C-F8A7747F78AE}.Release|Any CPU.Build.0 = Release|Any CPU
		{D53087C3-F17C-4146-9725-2F45E2E03BDB}.Debug|Any CPU.ActiveCfg = Debug|Any CPU
		{D53087C3-F17C-4146-9725-2F45E2E03BDB}.Debug|Any CPU.Build.0 = Debug|Any CPU
		{D53087C3-F17C-4146-9725-2F45E2E03BDB}.Release|Any CPU.ActiveCfg = Release|Any CPU
		{D53087C3-F17C-4146-9725-2F45E2E03BDB}.Release|Any CPU.Build.0 = Release|Any CPU
	EndGlobalSection
	GlobalSection(SolutionProperties) = preSolution
		HideSolutionNode = FALSE
	EndGlobalSection
	GlobalSection(ExtensibilityGlobals) = postSolution
		SolutionGuid = {55270140-C91E-4ABA-A793-5D7E10F2CDBB}
	EndGlobalSection
EndGlobal
