
Microsoft Visual Studio Solution File, Format Version 12.00
# Visual Studio Version 16
VisualStudioVersion = 16.0.31112.23
MinimumVisualStudioVersion = 10.0.40219.1
Project("{2150E333-8FDC-42A3-9474-1A3956D46DE8}") = "Web", "Web", "{2A4D74C1-C9DB-43E2-A76A-C85417039980}"
EndProject
Project("{2150E333-8FDC-42A3-9474-1A3956D46DE8}") = "Data", "Data", "{061C812C-AB4F-4763-99A3-A749861B3560}"
EndProject
Project("{FAE04EC0-301F-11D3-BF4B-00C04F79EFBC}") = "PizzaLab.Data", "PizzaLab.Data\PizzaLab.Data.csproj", "{9FD55CB6-63F7-49E2-B9A7-52713485CCC0}"
EndProject
Project("{FAE04EC0-301F-11D3-BF4B-00C04F79EFBC}") = "PizzaLab.Data.Models", "PizzaLab.Data.Models\PizzaLab.Data.Models.csproj", "{AD8761AC-397A-46E1-A2E3-27C11F3440CF}"
EndProject
Project("{FAE04EC0-301F-11D3-BF4B-00C04F79EFBC}") = "PizzaLab.Data.Common", "PizzaLab.Data.Common\PizzaLab.Data.Common.csproj", "{CA4C888F-5D6F-48A0-9E2A-BBCA91008954}"
EndProject
Project("{FAE04EC0-301F-11D3-BF4B-00C04F79EFBC}") = "PizzaLab.WebAPI", "PizzaLab.WebAPI\PizzaLab.WebAPI.csproj", "{B0B8960F-B1A5-45ED-9884-7B19D8762E09}"
EndProject
Global
	GlobalSection(SolutionConfigurationPlatforms) = preSolution
		Debug|Any CPU = Debug|Any CPU
		Release|Any CPU = Release|Any CPU
	EndGlobalSection
	GlobalSection(ProjectConfigurationPlatforms) = postSolution
		{9FD55CB6-63F7-49E2-B9A7-52713485CCC0}.Debug|Any CPU.ActiveCfg = Debug|Any CPU
		{9FD55CB6-63F7-49E2-B9A7-52713485CCC0}.Debug|Any CPU.Build.0 = Debug|Any CPU
		{9FD55CB6-63F7-49E2-B9A7-52713485CCC0}.Release|Any CPU.ActiveCfg = Release|Any CPU
		{9FD55CB6-63F7-49E2-B9A7-52713485CCC0}.Release|Any CPU.Build.0 = Release|Any CPU
		{AD8761AC-397A-46E1-A2E3-27C11F3440CF}.Debug|Any CPU.ActiveCfg = Debug|Any CPU
		{AD8761AC-397A-46E1-A2E3-27C11F3440CF}.Debug|Any CPU.Build.0 = Debug|Any CPU
		{AD8761AC-397A-46E1-A2E3-27C11F3440CF}.Release|Any CPU.ActiveCfg = Release|Any CPU
		{AD8761AC-397A-46E1-A2E3-27C11F3440CF}.Release|Any CPU.Build.0 = Release|Any CPU
		{CA4C888F-5D6F-48A0-9E2A-BBCA91008954}.Debug|Any CPU.ActiveCfg = Debug|Any CPU
		{CA4C888F-5D6F-48A0-9E2A-BBCA91008954}.Debug|Any CPU.Build.0 = Debug|Any CPU
		{CA4C888F-5D6F-48A0-9E2A-BBCA91008954}.Release|Any CPU.ActiveCfg = Release|Any CPU
		{CA4C888F-5D6F-48A0-9E2A-BBCA91008954}.Release|Any CPU.Build.0 = Release|Any CPU
		{B0B8960F-B1A5-45ED-9884-7B19D8762E09}.Debug|Any CPU.ActiveCfg = Debug|Any CPU
		{B0B8960F-B1A5-45ED-9884-7B19D8762E09}.Debug|Any CPU.Build.0 = Debug|Any CPU
		{B0B8960F-B1A5-45ED-9884-7B19D8762E09}.Release|Any CPU.ActiveCfg = Release|Any CPU
		{B0B8960F-B1A5-45ED-9884-7B19D8762E09}.Release|Any CPU.Build.0 = Release|Any CPU
	EndGlobalSection
	GlobalSection(SolutionProperties) = preSolution
		HideSolutionNode = FALSE
	EndGlobalSection
	GlobalSection(NestedProjects) = preSolution
		{9FD55CB6-63F7-49E2-B9A7-52713485CCC0} = {061C812C-AB4F-4763-99A3-A749861B3560}
		{AD8761AC-397A-46E1-A2E3-27C11F3440CF} = {061C812C-AB4F-4763-99A3-A749861B3560}
		{CA4C888F-5D6F-48A0-9E2A-BBCA91008954} = {061C812C-AB4F-4763-99A3-A749861B3560}
		{B0B8960F-B1A5-45ED-9884-7B19D8762E09} = {2A4D74C1-C9DB-43E2-A76A-C85417039980}
	EndGlobalSection
	GlobalSection(ExtensibilityGlobals) = postSolution
		SolutionGuid = {66D1E80A-18D9-4E8F-8C42-8FD4841C8AC2}
	EndGlobalSection
EndGlobal
